<?xml version="1.0" encoding="utf-8"?>
<Project ToolsVersion="4.0" xmlns="http://schemas.microsoft.com/developer/msbuild/2003">
  <ItemGroup>
    <Filter Include="Source Files">
      <UniqueIdentifier>{4FC737F1-C7A5-4376-A066-2A32D752A2FF}</UniqueIdentifier>
      <Extensions>cpp;c;cc;cxx;def;odl;idl;hpj;bat;asm;asmx</Extensions>
    </Filter>
    <Filter Include="Source Files\assets">
      <UniqueIdentifier>{e843c4b6-aea6-4f38-b629-e3dc5213a51a}</UniqueIdentifier>
    </Filter>
    <Filter Include="Source Files\nodes">
      <UniqueIdentifier>{b268ee0f-72e1-4ef4-b497-ab50eda3ea94}</UniqueIdentifier>
    </Filter>
    <Filter Include="Header Files">
      <UniqueIdentifier>{93995380-89BD-4b04-88EB-625FBE52EBFB}</UniqueIdentifier>
      <Extensions>h;hpp;hxx;hm;inl;inc;xsd</Extensions>
    </Filter>
    <Filter Include="Header Files\assets">
      <UniqueIdentifier>{ff5fb0a7-bac3-4b21-b542-93743e7a3fca}</UniqueIdentifier>
    </Filter>
    <Filter Include="Header Files\nodes">
      <UniqueIdentifier>{ac2b38a9-aafe-4f63-81b5-94cf402d6c23}</UniqueIdentifier>
    </Filter>
    <Filter Include="Resource Files">
      <UniqueIdentifier>{67DA6AB6-F800-4c08-8B7A-83BB121AAD01}</UniqueIdentifier>
      <Extensions>rc;ico;cur;bmp;dlg;rc2;rct;bin;rgs;gif;jpg;jpeg;jpe;resx;tiff;tif;png;wav</Extensions>
    </Filter>
  </ItemGroup>
  <ItemGroup>
    <ClCompile Include="AssemblyInfo.cpp">
      <Filter>Source Files</Filter>
    </ClCompile>
    <ClCompile Include="PickIntersection.cpp">
      <Filter>Source Files</Filter>
    </ClCompile>
    <ClCompile Include="SceneGraphFactory.cpp">
      <Filter>Source Files</Filter>
    </ClCompile>
    <ClCompile Include="Stdafx.cpp">
      <Filter>Source Files</Filter>
    </ClCompile>
    <ClCompile Include="CameraAsset.cpp">
      <Filter>Source Files\assets</Filter>
    </ClCompile>
    <ClCompile Include="CudaRenderAsset.cpp">
      <Filter>Source Files\assets</Filter>
    </ClCompile>
    <ClCompile Include="EffectAsset.cpp">
      <Filter>Source Files\assets</Filter>
    </ClCompile>
    <ClCompile Include="ObjMeshAsset.cpp">
      <Filter>Source Files\assets</Filter>
    </ClCompile>
    <ClCompile Include="RaytraceRenderAsset.cpp">
      <Filter>Source Files\assets</Filter>
    </ClCompile>
    <ClCompile Include="SdkMeshAsset.cpp">
      <Filter>Source Files\assets</Filter>
    </ClCompile>
    <ClCompile Include="TargetRenderAsset.cpp">
      <Filter>Source Files\assets</Filter>
    </ClCompile>
    <ClCompile Include="TextureAsset.cpp">
      <Filter>Source Files\assets</Filter>
    </ClCompile>
    <ClCompile Include="ViewRenderAsset.cpp">
      <Filter>Source Files\assets</Filter>
    </ClCompile>
    <ClCompile Include="BaseNode.cpp">
      <Filter>Source Files\nodes</Filter>
    </ClCompile>
    <ClCompile Include="ClearBufferNode.cpp">
      <Filter>Source Files\nodes</Filter>
    </ClCompile>
    <ClCompile Include="DrawMockNode.cpp">
      <Filter>Source Files\nodes</Filter>
    </ClCompile>
    <ClCompile Include="TextureLayerNode.cpp">
      <Filter>Source Files\nodes</Filter>
    </ClCompile>
    <ClCompile Include="TrackballNode.cpp">
      <Filter>Source Files\nodes</Filter>
    </ClCompile>
    <ClCompile Include="TransformNode.cpp">
      <Filter>Source Files\nodes</Filter>
    </ClCompile>
  </ItemGroup>
  <ItemGroup>
    <ClInclude Include="PickIntersection.h">
      <Filter>Header Files</Filter>
    </ClInclude>
    <ClInclude Include="SceneGraphFactory.h">
      <Filter>Header Files</Filter>
    </ClInclude>
    <ClInclude Include="Stdafx.h">
      <Filter>Header Files</Filter>
    </ClInclude>
    <ClInclude Include="CameraAsset.h">
      <Filter>Header Files\assets</Filter>
    </ClInclude>
    <ClInclude Include="CudaRenderAsset.h">
      <Filter>Header Files\assets</Filter>
    </ClInclude>
    <ClInclude Include="EffectAsset.h">
      <Filter>Header Files\assets</Filter>
    </ClInclude>
    <ClInclude Include="ObjMeshAsset.h">
      <Filter>Header Files\assets</Filter>
    </ClInclude>
    <ClInclude Include="RaytraceRenderAsset.h">
      <Filter>Header Files\assets</Filter>
    </ClInclude>
    <ClInclude Include="SdkMeshAsset.h">
      <Filter>Header Files\assets</Filter>
    </ClInclude>
    <ClInclude Include="TargetRenderAsset.h">
      <Filter>Header Files\assets</Filter>
    </ClInclude>
    <ClInclude Include="TextureAsset.h">
      <Filter>Header Files\assets</Filter>
    </ClInclude>
    <ClInclude Include="ViewRenderAsset.h">
      <Filter>Header Files\assets</Filter>
    </ClInclude>
    <ClInclude Include="BaseNode.h">
      <Filter>Header Files\nodes</Filter>
    </ClInclude>
    <ClInclude Include="ClearBufferNode.h">
      <Filter>Header Files\nodes</Filter>
    </ClInclude>
    <ClInclude Include="DrawMockNode.h">
      <Filter>Header Files\nodes</Filter>
    </ClInclude>
    <ClInclude Include="TextureLayerNode.h">
      <Filter>Header Files\nodes</Filter>
    </ClInclude>
    <ClInclude Include="TrackballNode.h">
      <Filter>Header Files\nodes</Filter>
    </ClInclude>
    <ClInclude Include="TransformNode.h">
      <Filter>Header Files\nodes</Filter>
    </ClInclude>
    <ClInclude Include="resource.h">
      <Filter>Resource Files</Filter>
    </ClInclude>
  </ItemGroup>
  <ItemGroup>
    <None Include="app.ico">
      <Filter>Resource Files</Filter>
    </None>
    <None Include="ReadMe.txt" />
  </ItemGroup>
  <ItemGroup>
    <ResourceCompile Include="app.rc">
      <Filter>Resource Files</Filter>
    </ResourceCompile>
  </ItemGroup>
</Project>